
Microsoft Visual Studio Solution File, Format Version 12.00
# Visual Studio Version 16
VisualStudioVersion = 16.0.30711.63
MinimumVisualStudioVersion = 10.0.40219.1
Project("{FAE04EC0-301F-11D3-BF4B-00C04F79EFBC}") = "VisionAPI", "VisionAPI\VisionAPI.csproj", "{0CB159CF-0D42-415D-83DD-D61EBA6F138F}"
EndProject
Global
	GlobalSection(SolutionConfigurationPlatforms) = preSolution
		Debug|Any CPU = Debug|Any CPU
		Release|Any CPU = Release|Any CPU
	EndGlobalSection
	GlobalSection(ProjectConfigurationPlatforms) = postSolution
		{0CB159CF-0D42-415D-83DD-D61EBA6F138F}.Debug|Any CPU.ActiveCfg = Debug|Any CPU
		{0CB159CF-0D42-415D-83DD-D61EBA6F138F}.Debug|Any CPU.Build.0 = Debug|Any CPU
		{0CB159CF-0D42-415D-83DD-D61EBA6F138F}.Release|Any CPU.ActiveCfg = Release|Any CPU
		{0CB159CF-0D42-415D-83DD-D61EBA6F138F}.Release|Any CPU.Build.0 = Release|Any CPU
	EndGlobalSection
	GlobalSection(SolutionProperties) = preSolution
		HideSolutionNode = FALSE
	EndGlobalSection
	GlobalSection(ExtensibilityGlobals) = postSolution
		SolutionGuid = {5D1D5E17-8C2C-4D9A-866A-DC6FC245CFE8}
	EndGlobalSection
EndGlobal
